{
  "name": "npm test",
  "lockfileVersion": 2,
  "requires": true,
  "packages": {
    "": {
      "dependencies": {
        "lodash": "4.6.1"
      }
    },
    "node_modules/lodash": {
      "version": "4.6.1",
      "resolved": "https://registry.npmjs.org/lodash/-/lodash-4.6.1.tgz",
      "integrity": "sha512-85DFrB4TYPwVZbZw/HCGnmRUdDQOxGJuDmSfZ9OQEESdFJ1NxlYLoQObfHJGr+UsWwmVQhwG2iPmUCi6+eKzUg=="
    }
  },
  "dependencies": {
    "lodash": {
      "version": "4.6.1",
      "resolved": "https://registry.npmjs.org/lodash/-/lodash-4.6.1.tgz",
      "integrity": "sha512-85DFrB4TYPwVZbZw/HCGnmRUdDQOxGJuDmSfZ9OQEESdFJ1NxlYLoQObfHJGr+UsWwmVQhwG2iPmUCi6+eKzUg=="
    }
  }
}
